
Microsoft Visual Studio Solution File, Format Version 12.00
# Visual Studio Version 18
VisualStudioVersion = 18.2.11408.102 d18.0
MinimumVisualStudioVersion = 10.0.40219.1
Project("{FAE04EC0-301F-11D3-BF4B-00C04F79EFBC}") = "splitzy-dotnet", "splitzy-dotnet.csproj", "{CE22F59B-D9D9-4A86-9144-16EEEC5DBBDB}"
EndProject
Project("{FAE04EC0-301F-11D3-BF4B-00C04F79EFBC}") = "spllitzy-dotnet-tests", "..\spllitzy-dotnet-tests\spllitzy-dotnet-tests.csproj", "{C1B5009F-9133-4E21-A0F6-110E04C75B2D}"
EndProject
Global
	GlobalSection(SolutionConfigurationPlatforms) = preSolution
		Debug|Any CPU = Debug|Any CPU
		Release|Any CPU = Release|Any CPU
	EndGlobalSection
	GlobalSection(ProjectConfigurationPlatforms) = postSolution
		{CE22F59B-D9D9-4A86-9144-16EEEC5DBBDB}.Debug|Any CPU.ActiveCfg = Debug|Any CPU
		{CE22F59B-D9D9-4A86-9144-16EEEC5DBBDB}.Debug|Any CPU.Build.0 = Debug|Any CPU
		{CE22F59B-D9D9-4A86-9144-16EEEC5DBBDB}.Release|Any CPU.ActiveCfg = Release|Any CPU
		{CE22F59B-D9D9-4A86-9144-16EEEC5DBBDB}.Release|Any CPU.Build.0 = Release|Any CPU
		{C1B5009F-9133-4E21-A0F6-110E04C75B2D}.Debug|Any CPU.ActiveCfg = Debug|Any CPU
		{C1B5009F-9133-4E21-A0F6-110E04C75B2D}.Debug|Any CPU.Build.0 = Debug|Any CPU
		{C1B5009F-9133-4E21-A0F6-110E04C75B2D}.Release|Any CPU.ActiveCfg = Release|Any CPU
		{C1B5009F-9133-4E21-A0F6-110E04C75B2D}.Release|Any CPU.Build.0 = Release|Any CPU
	EndGlobalSection
	GlobalSection(SolutionProperties) = preSolution
		HideSolutionNode = FALSE
	EndGlobalSection
	GlobalSection(ExtensibilityGlobals) = postSolution
		SolutionGuid = {5F21A697-B3F8-4FC3-832F-C820C0A90BD1}
	EndGlobalSection
EndGlobal
